hash: 23d3b011a2e95e7c285287f62d6c7404ee42ccf6f81055cd24ab58da51a10f42
updated: 2017-12-18T15:54:23.990881-08:00
imports:
- name: github.com/beorn7/perks
  version: 4c0e84591b9aa9e6dcfdf3e020114cd81f89d5f9
  subpackages:
  - quantile
- name: github.com/bgentry/speakeasy
  version: 4aabc24848ce5fd31929f7d1e4ea74d3709c14cd
- name: github.com/coreos/bbolt
  version: 48ea1b39c25fc1bab3506fbc712ecbaa842c4d2d
- name: github.com/coreos/go-semver
  version: 8ab6407b697782a06568d4b7f1db25550ec2e4c6
  subpackages:
  - semver
- name: github.com/coreos/go-systemd
  version: d2196463941895ee908e13531a23a39feb9e1243
  subpackages:
  - daemon
  - journal
  - util
- name: github.com/coreos/pkg
  version: 3ac0863d7acf3bc44daf49afef8919af12f704ef
  subpackages:
  - capnslog
  - dlopen
- name: github.com/cpuguy83/go-md2man
  version: 23709d0847197db6021a51fdb193e66e9222d4e7
  subpackages:
  - md2man
- name: github.com/dgrijalva/jwt-go
  version: d2709f9f1f31ebcda9651b03077758c1f3a0018c
- name: github.com/dustin/go-humanize
  version: bb3d318650d48840a39aa21a027c6630e198e626
- name: github.com/ghodss/yaml
  version: 0ca9ea5df5451ffdf184b4428c902747c2c11cd7
- name: github.com/gogo/protobuf
  version: 342cbe0a04158f6dcb03ca0079991a51a4248c02
  subpackages:
  - gogoproto
  - proto
  - protoc-gen-gogo/descriptor
- name: github.com/golang/groupcache
  version: 02826c3e79038b59d737d3b1c0a1d937f71a4433
  subpackages:
  - lru
- name: github.com/golang/protobuf
  version: 1e59b77b52bf8e4b449a57e6f79f21226d571845
  subpackages:
  - jsonpb
  - proto
  - ptypes
  - ptypes/any
  - ptypes/duration
  - ptypes/struct
  - ptypes/timestamp
- name: github.com/google/btree
  version: 925471ac9e2131377a91e1595defec898166fe49
- name: github.com/gorilla/websocket
  version: 4201258b820c74ac8e6922fc9e6b52f71fe46f8d
- name: github.com/grpc-ecosystem/go-grpc-prometheus
  version: 0dafe0d496ea71181bf2dd039e7e3f44b6bd11a7
- name: github.com/grpc-ecosystem/grpc-gateway
  version: 8cc3a55af3bcf171a1c23a90c4df9cf591706104
  subpackages:
  - runtime
  - runtime/internal
  - utilities
- name: github.com/inconshreveable/mousetrap
  version: 76626ae9c91c4f2a10f34cad8ce83ea42c93bb75
- name: github.com/jonboulle/clockwork
  version: 2eee05ed794112d45db504eb05aa693efd2b8b09
- name: github.com/kr/pty
  version: 2c10821df3c3cf905230d078702dfbe9404c9b23
- name: github.com/mattn/go-runewidth
  version: 9e777a8366cce605130a531d2cd6363d07ad7317
  subpackages:
  - runewidth.go
- name: github.com/matttproud/golang_protobuf_extensions
  version: c12348ce28de40eed0136aa2b644d0ee0650e56c
  subpackages:
  - pbutil
- name: github.com/olekukonko/tablewriter
  version: a0225b3f23b5ce0cbec6d7a66a968f8a59eca9c4
- name: github.com/prometheus/client_golang
  version: 5cec1d0429b02e4323e042eb04dafdb079ddf568
  subpackages:
  - prometheus
  - prometheus/promhttp
- name: github.com/prometheus/client_model
  version: 6f3806018612930941127f2a7c6c453ba2c527d2
  subpackages:
  - go
- name: github.com/prometheus/common
  version: e3fb1a1acd7605367a2b378bc2e2f893c05174b7
  subpackages:
  - expfmt
  - internal/bitbucket.org/ww/goautoneg
  - model
- name: github.com/prometheus/procfs
  version: a6e9df898b1336106c743392c48ee0b71f5c4efa
  subpackages:
  - xfs
- name: github.com/russross/blackfriday
  version: 4048872b16cc0fc2c5fd9eacf0ed2c2fedaa0c8c
- name: github.com/sirupsen/logrus
  version: f006c2ac4710855cf0f916dd6b77acf6b048dc6e
- name: github.com/soheilhy/cmux
  version: bb79a83465015a27a175925ebd155e660f55e9f1
- name: github.com/spf13/cobra
  version: 1c44ec8d3f1552cac48999f9306da23c4d8a288b
- name: github.com/spf13/pflag
  version: e57e3eeb33f795204c1ca35f56c44f83227c6e66
- name: github.com/tmc/grpc-websocket-proxy
  version: 89b8d40f7ca833297db804fcb3be53a76d01c238
  subpackages:
  - wsproxy
- name: github.com/ugorji/go
  version: bdcc60b419d136a85cdf2e7cbcac34b3f1cd6e57
  subpackages:
  - codec
- name: github.com/urfave/cli
  version: 1efa31f08b9333f1bd4882d61f9d668a70cd902e
- name: github.com/xiang90/probing
  version: 07dd2e8dfe18522e9c447ba95f2fe95262f63bb2
- name: golang.org/x/crypto
  version: 9419663f5a44be8b34ca85f08abc5fe1be11f8a3
  subpackages:
  - bcrypt
  - blowfish
  - ssh/terminal
- name: golang.org/x/net
  version: 66aacef3dd8a676686c7ae3716979581e8b03c47
  subpackages:
  - context
  - http2
  - http2/hpack
  - idna
  - internal/timeseries
  - lex/httplex
  - trace
- name: golang.org/x/sys
  version: ebfc5b4631820b793c9010c87fd8fef0f39eb082
  subpackages:
  - unix
  - windows
- name: golang.org/x/text
  version: b19bf474d317b857955b12035d2c5acb57ce8b01
  subpackages:
  - secure/bidirule
  - transform
  - unicode/bidi
  - unicode/norm
- name: golang.org/x/time
  version: c06e80d9300e4443158a03817b8a8cb37d230320
  subpackages:
  - rate
- name: google.golang.org/genproto
  version: 09f6ed296fc66555a25fe4ce95173148778dfa85
  subpackages:
  - googleapis/rpc/status
- name: google.golang.org/grpc
  version: 5b3c4e850e90a4cf6a20ebd46c8b32a0a3afcb9e
  subpackages:
  - balancer
  - codes
  - connectivity
  - credentials
  - grpclb/grpc_lb_v1/messages
  - grpclog
  - health
  - health/grpc_health_v1
  - internal
  - keepalive
  - metadata
  - naming
  - peer
  - resolver
  - stats
  - status
  - tap
  - transport
- name: gopkg.in/cheggaaa/pb.v1
  version: 226d21d43a305fac52b3a104ef83e721b15275e0
- name: gopkg.in/yaml.v2
  version: cd8b52f8269e0feb286dfeef29f8fe4d5b397e0b
testImports: []
