hash: 3fece95d13153dbb91034bd2708f8f7a39510c682dfda4c3ff691f09a61a2fc1
updated: 2019-08-19T20:45:29.93927922-07:00
imports:
- name: github.com/beorn7/perks
  version: 37c8de3658fcb183f997c4e13e8337516ab753e6
  subpackages:
  - quantile
- name: github.com/bgentry/speakeasy
  version: 4aabc24848ce5fd31929f7d1e4ea74d3709c14cd
- name: github.com/coreos/bbolt
  version: a0458a2b35708eef59eb5f620ceb3cd1c01a824d
- name: github.com/coreos/go-semver
  version: 8ab6407b697782a06568d4b7f1db25550ec2e4c6
  subpackages:
  - semver
- name: github.com/coreos/go-systemd
  version: e64a0ec8b42a61e2a9801dc1d0abe539dea79197
  subpackages:
  - daemon
  - journal
  - util
- name: github.com/coreos/pkg
  version: 97fdf19511ea361ae1c100dd393cc47f8dcfa1e1
  subpackages:
  - capnslog
  - dlopen
- name: github.com/cpuguy83/go-md2man
  version: 23709d0847197db6021a51fdb193e66e9222d4e7
  subpackages:
  - md2man
- name: github.com/dgrijalva/jwt-go
  version: d2709f9f1f31ebcda9651b03077758c1f3a0018c
- name: github.com/dustin/go-humanize
  version: 9f541cc9db5d55bce703bd99987c9d5cb8eea45e
- name: github.com/ghodss/yaml
  version: 0ca9ea5df5451ffdf184b4428c902747c2c11cd7
- name: github.com/gogo/protobuf
  version: ba06b47c162d49f2af050fb4c75bcbc86a159d5c
  subpackages:
  - gogoproto
  - proto
  - protoc-gen-gogo/descriptor
- name: github.com/golang/groupcache
  version: 869f871628b6baa9cfbc11732cdf6546b17c1298
  subpackages:
  - lru
- name: github.com/golang/protobuf
  version: 6c65a5562fc06764971b7c5d05c76c75e84bdbf7
  subpackages:
  - jsonpb
  - proto
  - protoc-gen-go/descriptor
  - ptypes
  - ptypes/any
  - ptypes/duration
  - ptypes/struct
  - ptypes/timestamp
- name: github.com/google/btree
  version: 4030bb1f1f0c35b30ca7009e9ebd06849dd45306
- name: github.com/google/uuid
  version: d460ce9f8df2e77fb1ba55ca87fafed96c607494
- name: github.com/gorilla/websocket
  version: 4201258b820c74ac8e6922fc9e6b52f71fe46f8d
- name: github.com/grpc-ecosystem/go-grpc-middleware
  version: c250d6563d4d4c20252cd865923440e829844f4e
- name: github.com/grpc-ecosystem/go-grpc-prometheus
  version: 0dafe0d496ea71181bf2dd039e7e3f44b6bd11a7
- name: github.com/grpc-ecosystem/grpc-gateway
  version: 8cc3a55af3bcf171a1c23a90c4df9cf591706104
  subpackages:
  - runtime
  - runtime/internal
  - utilities
- name: github.com/inconshreveable/mousetrap
  version: 76626ae9c91c4f2a10f34cad8ce83ea42c93bb75
- name: github.com/jonboulle/clockwork
  version: 2eee05ed794112d45db504eb05aa693efd2b8b09
- name: github.com/json-iterator/go
  version: 27518f6661eba504be5a7a9a9f6d9460d892ade3
- name: github.com/kr/pty
  version: 2c10821df3c3cf905230d078702dfbe9404c9b23
- name: github.com/mattn/go-runewidth
  version: 9e777a8366cce605130a531d2cd6363d07ad7317
  subpackages:
  - runewidth.go
- name: github.com/matttproud/golang_protobuf_extensions
  version: c182affec369e30f25d3eb8cd8a478dee585ae7d
  subpackages:
  - pbutil
- name: github.com/modern-go/concurrent
  version: bacd9c7ef1dd9b15be4a9909b8ac7a4e313eec94
- name: github.com/modern-go/reflect2
  version: 94122c33edd36123c84d5368cfb2b69df93a0ec8
- name: github.com/olekukonko/tablewriter
  version: a0225b3f23b5ce0cbec6d7a66a968f8a59eca9c4
- name: github.com/prometheus/client_golang
  version: 5cec1d0429b02e4323e042eb04dafdb079ddf568
  subpackages:
  - prometheus
  - prometheus/promhttp
- name: github.com/prometheus/client_model
  version: 6f3806018612930941127f2a7c6c453ba2c527d2
  subpackages:
  - go
- name: github.com/prometheus/common
  version: e3fb1a1acd7605367a2b378bc2e2f893c05174b7
  subpackages:
  - expfmt
  - internal/bitbucket.org/ww/goautoneg
  - model
- name: github.com/prometheus/procfs
  version: a6e9df898b1336106c743392c48ee0b71f5c4efa
  subpackages:
  - xfs
- name: github.com/russross/blackfriday
  version: 4048872b16cc0fc2c5fd9eacf0ed2c2fedaa0c8c
- name: github.com/sirupsen/logrus
  version: f006c2ac4710855cf0f916dd6b77acf6b048dc6e
- name: github.com/soheilhy/cmux
  version: e09e9389d85d8492d313d73d1469c029e710623f
- name: github.com/spf13/cobra
  version: 1c44ec8d3f1552cac48999f9306da23c4d8a288b
- name: github.com/spf13/pflag
  version: e57e3eeb33f795204c1ca35f56c44f83227c6e66
- name: github.com/tmc/grpc-websocket-proxy
  version: 89b8d40f7ca833297db804fcb3be53a76d01c238
  subpackages:
  - wsproxy
- name: github.com/ugorji/go
  version: bdcc60b419d136a85cdf2e7cbcac34b3f1cd6e57
  subpackages:
  - codec
- name: github.com/urfave/cli
  version: 1efa31f08b9333f1bd4882d61f9d668a70cd902e
- name: github.com/xiang90/probing
  version: 07dd2e8dfe18522e9c447ba95f2fe95262f63bb2
- name: go.uber.org/atomic
  version: df976f2515e274675050de7b3f42545de80594fd
- name: go.uber.org/multierr
  version: 3c4937480c32f4c13a875a1829af76c98ca3d40a
- name: go.uber.org/zap
  version: 27376062155ad36be76b0f12cf1572a221d3a48c
  subpackages:
  - buffer
  - internal/bufferpool
  - internal/color
  - internal/exit
  - zapcore
- name: golang.org/x/crypto
  version: c2843e01d9a2bc60bb26ad24e09734fdc2d9ec58
  subpackages:
  - bcrypt
  - blowfish
  - ssh/terminal
- name: golang.org/x/net
  version: 74dc4d7220e7acc4e100824340f3e66577424772
  subpackages:
  - context
  - http/httpguts
  - http2
  - http2/hpack
  - idna
  - internal/timeseries
  - trace
- name: golang.org/x/sys
  version: fde4db37ae7ad8191b03d30d27f258b5291ae4e3
  subpackages:
  - unix
  - windows
- name: golang.org/x/text
  version: 342b2e1fbaa52c93f31447ad2c6abc048c63e475
  subpackages:
  - secure/bidirule
  - transform
  - unicode/bidi
  - unicode/norm
- name: golang.org/x/time
  version: c06e80d9300e4443158a03817b8a8cb37d230320
  subpackages:
  - rate
- name: google.golang.org/genproto
  version: 09f6ed296fc66555a25fe4ce95173148778dfa85
  subpackages:
  - googleapis/api/annotations
  - googleapis/rpc/status
- name: google.golang.org/grpc
  version: 6eaf6f47437a6b4e2153a190160ef39a92c7eceb
  subpackages:
  - balancer
  - balancer/base
  - balancer/roundrobin
  - binarylog/grpc_binarylog_v1
  - codes
  - connectivity
  - credentials
  - credentials/internal
  - encoding
  - encoding/proto
  - grpclog
  - health
  - health/grpc_health_v1
  - internal
  - internal/backoff
  - internal/balancerload
  - internal/binarylog
  - internal/channelz
  - internal/envconfig
  - internal/grpcrand
  - internal/grpcsync
  - internal/syscall
  - internal/transport
  - keepalive
  - metadata
  - naming
  - peer
  - resolver
  - resolver/dns
  - resolver/passthrough
  - serviceconfig
  - stats
  - status
  - tap
  - transport
- name: gopkg.in/cheggaaa/pb.v1
  version: 226d21d43a305fac52b3a104ef83e721b15275e0
- name: gopkg.in/yaml.v2
  version: 51d6538a90f86fe93ac480b35f37b2be17fef232
- name: sigs.k8s.io/yaml
  version: fd68e9863619f6ec2fdd8625fe1f02e7c877e480
testImports: []
