git.sr.ht/~sbinet/cmpimg v0.1.0 h1:E0zPRk2muWuCqSKSVZIWsgtU9pjsw3eKHi8VmQeScxo=
git.sr.ht/~sbinet/cmpimg v0.1.0/go.mod h1:FU12psLbF4TfNXkKH2ZZQ29crIqoiqTZmeQ7dkp/pxE=
git.sr.ht/~sbinet/gg v0.5.0 h1:6V43j30HM623V329xA9Ntq+WJrMjDxRjuAB1LFWF5m8=
git.sr.ht/~sbinet/gg v0.5.0/go.mod h1:G2C0eRESqlKhS7ErsNey6HHrqU1PwsnCQlekFi9Q2Oo=
github.com/BurntSushi/toml v0.3.1/go.mod h1:xHWCNGjB5oqiDr8zfno3MHue2Ht5sIBksp03qcyfWMU=
github.com/ajstarks/deck v0.0.0-20200831202436-30c9fc6549a9/go.mod h1:JynElWSGnm/4RlzPXRlREEwqTHAN3T56Bv2ITsFT3gY=
github.com/ajstarks/deck/generate v0.0.0-20210309230005-c3f852c02e19/go.mod h1:T13YZdzov6OU0A1+RfKZiZN9ca6VeKdBdyDV+BY97Tk=
github.com/ajstarks/svgo v0.0.0-20211024235047-1546f124cd8b h1:slYM766cy2nI3BwyRiyQj/Ud48djTMtMebDqepE95rw=
github.com/ajstarks/svgo v0.0.0-20211024235047-1546f124cd8b/go.mod h1:1KcenG0jGWcpt8ov532z81sp/kMMUG485J2InIOyADM=
github.com/campoy/embedmd v1.0.0 h1:V4kI2qTJJLf4J29RzI/MAt2c3Bl4dQSYPuflzwFH2hY=
github.com/campoy/embedmd v1.0.0/go.mod h1:oxyr9RCiSXg0M3VJ3ks0UGfp98BpSSGr0kpiX3MzVl8=
github.com/cpuguy83/go-md2man/v2 v2.0.6/go.mod h1:oOW0eioCTA6cOiMLiUPZOpcVxMig6NIQQ7OS05n1F4g=
github.com/go-fonts/dejavu v0.1.0 h1:JSajPXURYqpr+Cu8U9bt8K+XcACIHWqWrvWCKyeFmVQ=
github.com/go-fonts/dejavu v0.1.0/go.mod h1:4Wt4I4OU2Nq9asgDCteaAaWZOV24E+0/Pwo0gppep4g=
github.com/go-fonts/latin-modern v0.3.1 h1:/cT8A7uavYKvglYXvrdDw4oS5ZLkcOU22fa2HJ1/JVM=
github.com/go-fonts/latin-modern v0.3.1/go.mod h1:ysEQXnuT/sCDOAONxC7ImeEDVINbltClhasMAqEtRK0=
github.com/go-fonts/liberation v0.3.1 h1:9RPT2NhUpxQ7ukUvz3jeUckmN42T9D9TpjtQcqK/ceM=
github.com/go-fonts/liberation v0.3.1/go.mod h1:jdJ+cqF+F4SUL2V+qxBth8fvBpBDS7yloUL5Fi8GTGY=
github.com/go-latex/latex v0.0.0-20230307184459-12ec69307ad9 h1:NxXI5pTAtpEaU49bpLpQoDsu1zrteW/vxzTz8Cd2UAs=
github.com/go-latex/latex v0.0.0-20230307184459-12ec69307ad9/go.mod h1:gWuR/CrFDDeVRFQwHPvsv9soJVB/iqymhuZQuJ3a9OM=
github.com/go-pdf/fpdf v0.8.0 h1:IJKpdaagnWUeSkUFUjTcSzTppFxmv8ucGQyNPQWxYOQ=
github.com/go-pdf/fpdf v0.8.0/go.mod h1:gfqhcNwXrsd3XYKte9a7vM3smvU/jB4ZRDrmWSxpfdc=
github.com/golang/freetype v0.0.0-20170609003504-e2365dfdc4a0 h1:DACJavvAHhabrF08vX0COfcOBJRhZ8lUbR+ZWIs0Y5g=
github.com/golang/freetype v0.0.0-20170609003504-e2365dfdc4a0/go.mod h1:E/TSTwGwJL78qG/PmXZO1EjYhfJinVAhrmmHX6Z8B9k=
github.com/inconshreveable/mousetrap v1.1.0 h1:wN+x4NVGpMsO7ErUn/mUI3vEoE6Jt13X2s0bqwp9tc8=
github.com/inconshreveable/mousetrap v1.1.0/go.mod h1:vpF70FUmC8bwa3OWnCshd2FqLfsEA9PFc4w1p2J65bw=
github.com/kisielk/gotool v1.0.0/go.mod h1:XhKaO+MFFWcvkIS/tQcRk01m1F5IRFswLeQ+oQHNcck=
github.com/pmezard/go-difflib v1.0.0 h1:4DBwDE0NGyQoBHbLQYPwSUPoCMWR5BEzIk/f1lZbAQM=
github.com/pmezard/go-difflib v1.0.0/go.mod h1:iKH77koFhYxTK1pcRnkKkqfTogsbg7gZNVY4sRDYZ/4=
github.com/russross/blackfriday/v2 v2.1.0/go.mod h1:+Rmxgy9KzJVeS9/2gXHxylqXiyQDYRxCVz55jmeOWTM=
github.com/spf13/cobra v1.9.1 h1:CXSaggrXdbHK9CF+8ywj8Amf7PBRmPCOJugH954Nnlo=
github.com/spf13/cobra v1.9.1/go.mod h1:nDyEzZ8ogv936Cinf6g1RU9MRY64Ir93oCnqb9wxYW0=
github.com/spf13/pflag v1.0.6 h1:jFzHGLGAlb3ruxLB8MhbI6A8+AQX/2eW4qeyNZXNp2o=
github.com/spf13/pflag v1.0.6/go.mod h1:McXfInJRrz4CZXVZOBLb0bTZqETkiAhM9Iw0y3An2Bg=
github.com/yuin/goldmark v1.2.1/go.mod h1:3hX8gzYuyVAZsxl0MRgGTJEmQBFcNTphYh9decYSb74=
golang.org/x/crypto v0.0.0-20190308221718-c2843e01d9a2/go.mod h1:djNgcEr1/C05ACkg1iLfiJU5Ep61QUkGW8qpdssI0+w=
golang.org/x/crypto v0.0.0-20191011191535-87dc89f01550/go.mod h1:yigFU9vqHzYiE8UmvKecakEJjdnWj3jj499lnFckfCI=
golang.org/x/crypto v0.0.0-20200622213623-75b288015ac9/go.mod h1:LzIPMQfyMNhhGPhUkYOs5KpL4U8rLKemX1yGLhDgUto=
golang.org/x/exp v0.0.0-20240909161429-701f63a606c0 h1:e66Fs6Z+fZTbFBAxKfP3PALWBtpfqks2bwGcexMxgtk=
golang.org/x/exp v0.0.0-20240909161429-701f63a606c0/go.mod h1:2TbTHSBQa924w8M6Xs1QcRcFwyucIwBGpK1p2f1YFFY=
golang.org/x/image v0.18.0 h1:jGzIakQa/ZXI1I0Fxvaa9W7yP25TqT6cHIHn+6CqvSQ=
golang.org/x/image v0.18.0/go.mod h1:4yyo5vMFQjVjUcVk4jEQcU9MGy/rulF5WvUILseCM2E=
golang.org/x/mod v0.3.0/go.mod h1:s0Qsj1ACt9ePp/hMypM3fl4fZqREWJwdYDEqhRiZZUA=
golang.org/x/net v0.0.0-20190404232315-eb5bcb51f2a3/go.mod h1:t9HGtf8HONx5eT2rtn7q6eTqICYqUVnKs3thJo3Qplg=
golang.org/x/net v0.0.0-20190620200207-3b0461eec859/go.mod h1:z5CRVTTTmAJ677TzLLGU+0bjPO0LkuOLi4/5GtJWs/s=
golang.org/x/net v0.0.0-20201021035429-f5854403a974/go.mod h1:sp8m0HH+o8qH0wwXwYZr8TS3Oi6o0r6Gce1SSxlDquU=
golang.org/x/sync v0.0.0-20190423024810-112230192c58/go.mod h1:RxMgew5VJxzue5/jJTE5uejpjVlOe/izrB70Jof72aM=
golang.org/x/sync v0.0.0-20201020160332-67f06af15bc9/go.mod h1:RxMgew5VJxzue5/jJTE5uejpjVlOe/izrB70Jof72aM=
golang.org/x/sys v0.0.0-20190215142949-d0b11bdaac8a/go.mod h1:STP8DvDyc/dI5b8T5hshtkjS+E42TnysNCUPdjciGhY=
golang.org/x/sys v0.0.0-20190412213103-97732733099d/go.mod h1:h1NjWce9XRLGQEsW7wpKNCjG9DtNlClVuFLEZdDNbEs=
golang.org/x/sys v0.0.0-20200930185726-fdedc70b468f/go.mod h1:h1NjWce9XRLGQEsW7wpKNCjG9DtNlClVuFLEZdDNbEs=
golang.org/x/sys v0.0.0-20210119212857-b64e53b001e4/go.mod h1:h1NjWce9XRLGQEsW7wpKNCjG9DtNlClVuFLEZdDNbEs=
golang.org/x/text v0.3.0/go.mod h1:NqM8EUOU14njkJ3fqMW+pc6Ldnwhi/IjpwHt7yyuwOQ=
golang.org/x/text v0.3.3/go.mod h1:5Zoc/QRtKVWzQhOtBMvqHzDpF6irO9z98xDceosuGiQ=
golang.org/x/text v0.23.0 h1:D71I7dUrlY+VX0gQShAThNGHFxZ13dGLBHQLVl1mJlY=
golang.org/x/text v0.23.0/go.mod h1:/BLNzu4aZCJ1+kcD0DNRotWKage4q2rGVAg4o22unh4=
golang.org/x/tools v0.0.0-20180917221912-90fa682c2a6e/go.mod h1:n7NCudcB/nEzxVGmLbDWY5pfWTLqBcC2KZ6jyYvM4mQ=
golang.org/x/tools v0.0.0-20191119224855-298f0cb1881e/go.mod h1:b+2E5dAYhXwXZwtnZ6UAqBI28+e2cm9otk0dWdXHAEo=
golang.org/x/tools v0.1.0/go.mod h1:xkSsbof2nBLbhDlRMhhhyNLN/zl3eTqcnHD5viDpcZ0=
golang.org/x/xerrors v0.0.0-20190717185122-a985d3407aa7/go.mod h1:I/5z698sn9Ka8TeJc9MKroUUfqBBauWjQqLJ2OPfmY0=
golang.org/x/xerrors v0.0.0-20191011141410-1b5146add898/go.mod h1:I/5z698sn9Ka8TeJc9MKroUUfqBBauWjQqLJ2OPfmY0=
golang.org/x/xerrors v0.0.0-20200804184101-5ec99f83aff1/go.mod h1:I/5z698sn9Ka8TeJc9MKroUUfqBBauWjQqLJ2OPfmY0=
gonum.org/v1/gonum v0.14.0 h1:2NiG67LD1tEH0D7kM+ps2V+fXmsAnpUeec7n8tcr4S0=
gonum.org/v1/gonum v0.14.0/go.mod h1:AoWeoz0becf9QMWtE8iWXNXc27fK4fNeHNf/oMejGfU=
gonum.org/v1/plot v0.14.0 h1:+LBDVFYwFe4LHhdP8coW6296MBEY4nQ+Y4vuUpJopcE=
gonum.org/v1/plot v0.14.0/go.mod h1:MLdR9424SJed+5VqC6MsouEpig9pZX2VZ57H9ko2bXU=
gopkg.in/check.v1 v0.0.0-20161208181325-20d25e280405/go.mod h1:Co6ibVJAznAaIkqp8huTwlJQCZ016jof/cbN4VW5Yz0=
gopkg.in/yaml.v3 v3.0.1/go.mod h1:K4uyk7z7BCEPqu6E+C64Yfv1cQ7kz7rIZviUmN+EgEM=
honnef.co/go/tools v0.1.3/go.mod h1:NgwopIslSNH47DimFoV78dnkksY2EFtX0ajyb3K/las=
rsc.io/pdf v0.1.1 h1:k1MczvYDUvJBe93bYd7wrZLLUEcLZAuF824/I4e5Xr4=
rsc.io/pdf v0.1.1/go.mod h1:n8OzWcQ6Sp37PL01nO98y4iUCRdTGarVfzxY20ICaU4=
