# This file is autogenerated, do not edit; changes may be undone by the next 'dep ensure'.


[[projects]]
  name = "github.com/karrick/godirwalk"
  packages = ["."]
  revision = "5cc8b3875be6c21825a1b54d3029ed415c93c4f7"
  version = "v1.7.1"

[[projects]]
  name = "github.com/pkg/errors"
  packages = ["."]
  revision = "645ef00459ed84a119197bfb8d8205042c6df63d"
  version = "v0.8.0"

[solve-meta]
  analyzer-name = "dep"
  analyzer-version = 1
  inputs-digest = "615e1a5b611c1763d5c51d355da5b350efe0bb1a04cc4763aba1c5240222164e"
  solver-name = "gps-cdcl"
  solver-version = 1
